
Microsoft Visual Studio Solution File, Format Version 12.00
# Visual Studio 15
VisualStudioVersion = 15.0.28307.168
MinimumVisualStudioVersion = 10.0.40219.1
Project("{2150E333-8FDC-42A3-9474-1A3956D46DE8}") = "Api", "Api", "{9DDE0F8B-0A7E-40ED-8DE5-9765F2E6E2AA}"
EndProject
Project("{2150E333-8FDC-42A3-9474-1A3956D46DE8}") = "Domain", "Domain", "{CC929200-0EBE-40CE-885B-11CA1CDDF4B6}"
EndProject
Project("{2150E333-8FDC-42A3-9474-1A3956D46DE8}") = "Service", "Service", "{51B12DB2-126B-413B-981E-83AE90DD3836}"
EndProject
Project("{FAE04EC0-301F-11D3-BF4B-00C04F79EFBC}") = "Project.Api", "Project.Api\Project.Api.csproj", "{3F1DC42E-8A33-4446-9F7D-33E791BD98B5}"
EndProject
Project("{FAE04EC0-301F-11D3-BF4B-00C04F79EFBC}") = "Project.Entities", "Project.Entities\Project.Entities.csproj", "{38BD8EE0-DB30-4474-BE5C-05B869A9B4F7}"
EndProject
Project("{FAE04EC0-301F-11D3-BF4B-00C04F79EFBC}") = "Project.Service", "Project.Service\Project.Service.csproj", "{D2D7F3B6-CDDB-4752-B365-5DD387B07C0F}"
EndProject
Global
	GlobalSection(SolutionConfigurationPlatforms) = preSolution
		Debug|Any CPU = Debug|Any CPU
		Release|Any CPU = Release|Any CPU
	EndGlobalSection
	GlobalSection(ProjectConfigurationPlatforms) = postSolution
		{3F1DC42E-8A33-4446-9F7D-33E791BD98B5}.Debug|Any CPU.ActiveCfg = Debug|Any CPU
		{3F1DC42E-8A33-4446-9F7D-33E791BD98B5}.Debug|Any CPU.Build.0 = Debug|Any CPU
		{3F1DC42E-8A33-4446-9F7D-33E791BD98B5}.Release|Any CPU.ActiveCfg = Release|Any CPU
		{3F1DC42E-8A33-4446-9F7D-33E791BD98B5}.Release|Any CPU.Build.0 = Release|Any CPU
		{38BD8EE0-DB30-4474-BE5C-05B869A9B4F7}.Debug|Any CPU.ActiveCfg = Debug|Any CPU
		{38BD8EE0-DB30-4474-BE5C-05B869A9B4F7}.Debug|Any CPU.Build.0 = Debug|Any CPU
		{38BD8EE0-DB30-4474-BE5C-05B869A9B4F7}.Release|Any CPU.ActiveCfg = Release|Any CPU
		{38BD8EE0-DB30-4474-BE5C-05B869A9B4F7}.Release|Any CPU.Build.0 = Release|Any CPU
		{D2D7F3B6-CDDB-4752-B365-5DD387B07C0F}.Debug|Any CPU.ActiveCfg = Debug|Any CPU
		{D2D7F3B6-CDDB-4752-B365-5DD387B07C0F}.Debug|Any CPU.Build.0 = Debug|Any CPU
		{D2D7F3B6-CDDB-4752-B365-5DD387B07C0F}.Release|Any CPU.ActiveCfg = Release|Any CPU
		{D2D7F3B6-CDDB-4752-B365-5DD387B07C0F}.Release|Any CPU.Build.0 = Release|Any CPU
	EndGlobalSection
	GlobalSection(SolutionProperties) = preSolution
		HideSolutionNode = FALSE
	EndGlobalSection
	GlobalSection(NestedProjects) = preSolution
		{3F1DC42E-8A33-4446-9F7D-33E791BD98B5} = {9DDE0F8B-0A7E-40ED-8DE5-9765F2E6E2AA}
		{38BD8EE0-DB30-4474-BE5C-05B869A9B4F7} = {CC929200-0EBE-40CE-885B-11CA1CDDF4B6}
		{D2D7F3B6-CDDB-4752-B365-5DD387B07C0F} = {51B12DB2-126B-413B-981E-83AE90DD3836}
	EndGlobalSection
	GlobalSection(ExtensibilityGlobals) = postSolution
		SolutionGuid = {290BFEEA-3C51-4790-8985-7B293ACC3477}
	EndGlobalSection
EndGlobal
